
Microsoft Visual Studio Solution File, Format Version 12.00
# Visual Studio Version 17
VisualStudioVersion = 17.6.33417.168
MinimumVisualStudioVersion = 10.0.40219.1
Project("{FAE04EC0-301F-11D3-BF4B-00C04F79EFBC}") = "CSTypes", "CSTypes.csproj", "{78BC760A-800E-430B-A541-5763BD9EBE8F}"
EndProject
Global
	GlobalSection(SolutionConfigurationPlatforms) = preSolution
		Debug|Any CPU = Debug|Any CPU
		Release|Any CPU = Release|Any CPU
	EndGlobalSection
	GlobalSection(ProjectConfigurationPlatforms) = postSolution
		{78BC760A-800E-430B-A541-5763BD9EBE8F}.Debug|Any CPU.ActiveCfg = Debug|Any CPU
		{78BC760A-800E-430B-A541-5763BD9EBE8F}.Debug|Any CPU.Build.0 = Debug|Any CPU
		{78BC760A-800E-430B-A541-5763BD9EBE8F}.Release|Any CPU.ActiveCfg = Release|Any CPU
		{78BC760A-800E-430B-A541-5763BD9EBE8F}.Release|Any CPU.Build.0 = Release|Any CPU
	EndGlobalSection
	GlobalSection(SolutionProperties) = preSolution
		HideSolutionNode = FALSE
	EndGlobalSection
	GlobalSection(ExtensibilityGlobals) = postSolution
		SolutionGuid = {BE3436F2-BC1A-4295-AB58-91850F061308}
	EndGlobalSection
EndGlobal
